{
    "_readme": [
        "This file locks the dependencies of your project to a known state",
        "Read more about it at https://getcomposer.org/doc/01-basic-usage.md#installing-dependencies",
        "This file is @generated automatically"
    ],
    "content-hash": "8c22a3c7dd85b3c3b8c623a8bab27ad6",
    "packages": [
        {
            "name": "cakephp/cache",
            "version": "3.8.0",
            "source": {
                "type": "git",
                "url": "https://github.com/cakephp/cache.git",
                "reference": "f7ff72a590f9dc69a9788fb78045a70fc86723fc"
            },
            "dist": {
                "type": "zip",
                "url": "https://api.github.com/repos/cakephp/cache/zipball/f7ff72a590f9dc69a9788fb78045a70fc86723fc",
                "reference": "f7ff72a590f9dc69a9788fb78045a70fc86723fc",
                "shasum": ""
            },
            "require": {
                "cakephp/core": "^3.6.0",
                "php": ">=5.6.0",
                "psr/simple-cache": "^1.0.0"
            },
            "type": "library",
            "autoload": {
                "psr-4": {
                    "Cake\\Cache\\": "."
                }
            },
            "notification-url": "https://packagist.org/downloads/",
            "license": [
                "MIT"
            ],
            "authors": [
                {
                    "name": "CakePHP Community",
                    "homepage": "https://github.com/cakephp/cache/graphs/contributors"
                }
            ],
            "description": "Easy to use Caching library with support for multiple caching backends",
            "homepage": "https://cakephp.org",
            "keywords": [
                "cache",
                "caching",
                "cakephp"
            ],
            "time": "2019-06-24T11:34:33+00:00"
        },
        {
            "name": "cakephp/collection",
            "version": "3.8.0",
            "source": {
                "type": "git",
                "url": "https://github.com/cakephp/collection.git",
                "reference": "5f22678fc2d151082e331b20677d9696563af549"
            },
            "dist": {
                "type": "zip",
                "url": "https://api.github.com/repos/cakephp/collection/zipball/5f22678fc2d151082e331b20677d9696563af549",
                "reference": "5f22678fc2d151082e331b20677d9696563af549",
                "shasum": ""
            },
            "require": {
                "php": ">=5.6.0"
            },
            "type": "library",
            "autoload": {
                "psr-4": {
                    "Cake\\Collection\\": "."
                },
                "files": [
                    "functions.php"
                ]
            },
            "notification-url": "https://packagist.org/downloads/",
            "license": [
                "MIT"
            ],
            "authors": [
                {
                    "name": "CakePHP Community",
                    "homepage": "https://github.com/cakephp/collection/graphs/contributors"
                }
            ],
            "description": "Work easily with arrays and iterators by having a battery of utility traversal methods",
            "homepage": "https://cakephp.org",
            "keywords": [
                "arrays",
                "cakephp",
                "collections",
                "iterators"
            ],
            "time": "2019-02-26T20:10:41+00:00"
        },
        {
            "name": "cakephp/core",
            "version": "3.8.0",
            "source": {
                "type": "git",
                "url": "https://github.com/cakephp/core.git",
                "reference": "4f9762ce1cdfbe153c676cf3ae1e2d62ac328301"
            },
            "dist": {
                "type": "zip",
                "url": "https://api.github.com/repos/cakephp/core/zipball/4f9762ce1cdfbe153c676cf3ae1e2d62ac328301",
                "reference": "4f9762ce1cdfbe153c676cf3ae1e2d62ac328301",
                "shasum": ""
            },
            "require": {
                "cakephp/utility": "^3.6.0",
                "php": ">=5.6.0"
            },
            "suggest": {
                "cakephp/cache": "To use Configure::store() and restore().",
                "cakephp/event": "To use PluginApplicationInterface or plugin applications."
            },
            "type": "library",
            "autoload": {
                "psr-4": {
                    "Cake\\Core\\": "."
                },
                "files": [
                    "functions.php"
                ]
            },
            "notification-url": "https://packagist.org/downloads/",
            "license": [
                "MIT"
            ],
            "authors": [
                {
                    "name": "CakePHP Community",
                    "homepage": "https://github.com/cakephp/core/graphs/contributors"
                }
            ],
            "description": "CakePHP Framework Core classes",
            "homepage": "https://cakephp.org",
            "keywords": [
                "cakephp",
                "core",
                "framework"
            ],
            "time": "2019-05-22T01:06:42+00:00"
        },
        {
            "name": "cakephp/database",
            "version": "3.8.0",
            "source": {
                "type": "git",
                "url": "https://github.com/cakephp/database.git",
                "reference": "5b13801f599e715841ef3b54ef6303fad647ed66"
            },
            "dist": {
                "type": "zip",
                "url": "https://api.github.com/repos/cakephp/database/zipball/5b13801f599e715841ef3b54ef6303fad647ed66",
                "reference": "5b13801f599e715841ef3b54ef6303fad647ed66",
                "shasum": ""
            },
            "require": {
                "cakephp/cache": "^3.6.0",
                "cakephp/core": "^3.6.0",
                "cakephp/datasource": "^3.6.0",
                "cakephp/log": "^3.6.0",
                "php": ">=5.6.0"
            },
            "type": "library",
            "autoload": {
                "psr-4": {
                    "Cake\\Database\\": "."
                }
            },
            "notification-url": "https://packagist.org/downloads/",
            "license": [
                "MIT"
            ],
            "authors": [
                {
                    "name": "CakePHP Community",
                    "homepage": "https://github.com/cakephp/database/graphs/contributors"
                }
            ],
            "description": "Flexible and powerful Database abstraction library with a familiar PDO-like API",
            "homepage": "https://cakephp.org",
            "keywords": [
                "abstraction",
                "cakephp",
                "database",
                "database abstraction",
                "pdo"
            ],
            "time": "2019-06-25T10:56:49+00:00"
        },
        {
            "name": "cakephp/datasource",
            "version": "3.8.0",
            "source": {
                "type": "git",
                "url": "https://github.com/cakephp/datasource.git",
                "reference": "a8fb302598d0038c8b5f0f83763dded27ef4e780"
            },
            "dist": {
                "type": "zip",
                "url": "https://api.github.com/repos/cakephp/datasource/zipball/a8fb302598d0038c8b5f0f83763dded27ef4e780",
                "reference": "a8fb302598d0038c8b5f0f83763dded27ef4e780",
                "shasum": ""
            },
            "require": {
                "cakephp/core": "^3.6.0",
                "php": ">=5.6.0"
            },
            "suggest": {
                "cakephp/cache": "If you decide to use Query caching.",
                "cakephp/collection": "If you decide to use ResultSetInterface.",
                "cakephp/utility": "If you decide to use EntityTrait."
            },
            "type": "library",
            "autoload": {
                "psr-4": {
                    "Cake\\Datasource\\": "."
                }
            },
            "notification-url": "https://packagist.org/downloads/",
            "license": [
                "MIT"
            ],
            "authors": [
                {
                    "name": "CakePHP Community",
                    "homepage": "https://github.com/cakephp/datasource/graphs/contributors"
                }
            ],
            "description": "Provides connection managing and traits for Entities and Queries that can be reused for different datastores",
            "homepage": "https://cakephp.org",
            "keywords": [
                "cakephp",
                "connection management",
                "datasource",
                "entity",
                "query"
            ],
            "time": "2019-06-13T02:05:57+00:00"
        },
        {
            "name": "cakephp/event",
            "version": "3.8.0",
            "source": {
                "type": "git",
                "url": "https://github.com/cakephp/event.git",
                "reference": "929c229741752b3de470b686828b6af17140dd79"
            },
            "dist": {
                "type": "zip",
                "url": "https://api.github.com/repos/cakephp/event/zipball/929c229741752b3de470b686828b6af17140dd79",
                "reference": "929c229741752b3de470b686828b6af17140dd79",
                "shasum": ""
            },
            "require": {
                "cakephp/core": "^3.6.0",
                "php": ">=5.6.0"
            },
            "type": "library",
            "autoload": {
                "psr-4": {
                    "Cake\\Event\\": "."
                }
            },
            "notification-url": "https://packagist.org/downloads/",
            "license": [
                "MIT"
            ],
            "authors": [
                {
                    "name": "CakePHP Community",
                    "homepage": "https://github.com/cakephp/event/graphs/contributors"
                }
            ],
            "description": "CakePHP event dispatcher library that helps implementing the observer pattern",
            "homepage": "https://cakephp.org",
            "keywords": [
                "cakephp",
                "dispatcher",
                "event",
                "observer pattern"
            ],
            "time": "2019-04-15T14:21:39+00:00"
        },
        {
            "name": "cakephp/log",
            "version": "3.8.0",
            "source": {
                "type": "git",
                "url": "https://github.com/cakephp/log.git",
                "reference": "ed6398ae8c2e8a5630e8dea24dda34b102ec65e2"
            },
            "dist": {
                "type": "zip",
                "url": "https://api.github.com/repos/cakephp/log/zipball/ed6398ae8c2e8a5630e8dea24dda34b102ec65e2",
                "reference": "ed6398ae8c2e8a5630e8dea24dda34b102ec65e2",
                "shasum": ""
            },
            "require": {
                "cakephp/core": "^3.6.0",
                "php": ">=5.6.0",
                "psr/log": "^1.0.0"
            },
            "type": "library",
            "autoload": {
                "psr-4": {
                    "Cake\\Log\\": "."
                }
            },
            "notification-url": "https://packagist.org/downloads/",
            "license": [
                "MIT"
            ],
            "authors": [
                {
                    "name": "CakePHP Community",
                    "homepage": "https://github.com/cakephp/log/graphs/contributors"
                }
            ],
            "description": "CakePHP logging library with support for multiple different streams",
            "homepage": "https://cakephp.org",
            "keywords": [
                "Streams",
                "cakephp",
                "log",
                "logging"
            ],
            "time": "2019-05-27T20:32:25+00:00"
        },
        {
            "name": "cakephp/orm",
            "version": "3.8.0",
            "source": {
                "type": "git",
                "url": "https://github.com/cakephp/orm.git",
                "reference": "4aa95e192111c51ed9e95ca185a6342996e1c564"
            },
            "dist": {
                "type": "zip",
                "url": "https://api.github.com/repos/cakephp/orm/zipball/4aa95e192111c51ed9e95ca185a6342996e1c564",
                "reference": "4aa95e192111c51ed9e95ca185a6342996e1c564",
                "shasum": ""
            },
            "require": {
                "cakephp/collection": "^3.6.0",
                "cakephp/core": "^3.6.0",
                "cakephp/database": "^3.6.0",
                "cakephp/datasource": "^3.6.0",
                "cakephp/event": "^3.6.0",
                "cakephp/utility": "^3.6.0",
                "cakephp/validation": "^3.6.0",
                "php": ">=5.6.0"
            },
            "suggest": {
                "cakephp/i18n": "If you are using Translate / Timestamp Behavior."
            },
            "type": "library",
            "autoload": {
                "psr-4": {
                    "Cake\\ORM\\": "."
                }
            },
            "notification-url": "https://packagist.org/downloads/",
            "license": [
                "MIT"
            ],
            "authors": [
                {
                    "name": "CakePHP Community",
                    "homepage": "https://github.com/cakephp/orm/graphs/contributors"
                }
            ],
            "description": "CakePHP ORM - Provides a flexible and powerful ORM implementing a data-mapper pattern.",
            "homepage": "https://cakephp.org",
            "keywords": [
                "cakephp",
                "data-mapper",
                "data-mapper pattern",
                "orm"
            ],
            "time": "2019-06-19T16:23:54+00:00"
        },
        {
            "name": "cakephp/utility",
            "version": "3.8.0",
            "source": {
                "type": "git",
                "url": "https://github.com/cakephp/utility.git",
                "reference": "329654495c4cf966ac75832e502ec939542928fb"
            },
            "dist": {
                "type": "zip",
                "url": "https://api.github.com/repos/cakephp/utility/zipball/329654495c4cf966ac75832e502ec939542928fb",
                "reference": "329654495c4cf966ac75832e502ec939542928fb",
                "shasum": ""
            },
            "require": {
                "cakephp/core": "^3.6.0",
                "php": ">=5.6.0"
            },
            "suggest": {
                "ext-intl": "To use Text::transliterate() or Text::slug()",
                "lib-ICU": "To use Text::transliterate() or Text::slug()"
            },
            "type": "library",
            "autoload": {
                "psr-4": {
                    "Cake\\Utility\\": "."
                },
                "files": [
                    "bootstrap.php"
                ]
            },
            "notification-url": "https://packagist.org/downloads/",
            "license": [
                "MIT"
            ],
            "authors": [
                {
                    "name": "CakePHP Community",
                    "homepage": "https://github.com/cakephp/utility/graphs/contributors"
                }
            ],
            "description": "CakePHP Utility classes such as Inflector, String, Hash, and Security",
            "homepage": "https://cakephp.org",
            "keywords": [
                "cakephp",
                "hash",
                "inflector",
                "security",
                "string",
                "utility"
            ],
            "time": "2019-03-14T14:41:29+00:00"
        },
        {
            "name": "cakephp/validation",
            "version": "3.8.0",
            "source": {
                "type": "git",
                "url": "https://github.com/cakephp/validation.git",
                "reference": "5a6037d521f24d5426d4ecbb3ee92d6b2afd32bf"
            },
            "dist": {
                "type": "zip",
                "url": "https://api.github.com/repos/cakephp/validation/zipball/5a6037d521f24d5426d4ecbb3ee92d6b2afd32bf",
                "reference": "5a6037d521f24d5426d4ecbb3ee92d6b2afd32bf",
                "shasum": ""
            },
            "require": {
                "cakephp/core": "^3.6.0",
                "cakephp/utility": "^3.6.0",
                "php": ">=5.6.0",
                "psr/http-message": "^1.0.0"
            },
            "suggest": {
                "cakephp/i18n": "If you want to use Validation::localizedTime()"
            },
            "type": "library",
            "autoload": {
                "psr-4": {
                    "Cake\\Validation\\": "."
                }
            },
            "notification-url": "https://packagist.org/downloads/",
            "license": [
                "MIT"
            ],
            "authors": [
                {
                    "name": "CakePHP Community",
                    "homepage": "https://github.com/cakephp/validation/graphs/contributors"
                }
            ],
            "description": "CakePHP Validation library",
            "homepage": "https://cakephp.org",
            "keywords": [
                "cakephp",
                "data validation",
                "validation"
            ],
            "time": "2019-06-26T13:49:15+00:00"
        },
        {
            "name": "josegonzalez/cakephp-upload",
            "version": "4.0.0",
            "source": {
                "type": "git",
                "url": "https://github.com/FriendsOfCake/cakephp-upload.git",
                "reference": "dd91ff86321e87d1fb5af9cd03d78022d214f319"
            },
            "dist": {
                "type": "zip",
                "url": "https://api.github.com/repos/FriendsOfCake/cakephp-upload/zipball/dd91ff86321e87d1fb5af9cd03d78022d214f319",
                "reference": "dd91ff86321e87d1fb5af9cd03d78022d214f319",
                "shasum": ""
            },
            "require": {
                "cakephp/orm": "3.*",
                "league/flysystem": "*",
                "php": ">=5.6"
            },
            "require-dev": {
                "cakephp/cakephp": "~3.4",
                "cakephp/cakephp-codesniffer": "dev-master",
                "league/flysystem-vfs": "*",
                "phpunit/phpunit": "<6.0",
                "satooshi/php-coveralls": "^2.0"
            },
            "type": "cakephp-plugin",
            "autoload": {
                "psr-4": {
                    "Josegonzalez\\Upload\\": "src",
                    "Josegonzalez\\Upload\\Test\\Fixture\\": "tests\\Fixture"
                }
            },
            "notification-url": "https://packagist.org/downloads/",
            "license": [
                "MIT"
            ],
            "authors": [
                {
                    "name": "Jose Diaz-Gonzalez",
                    "email": "cakephp+upload@josediazgonzalez.com"
                }
            ],
            "description": "CakePHP plugin to handle file uploading sans ridiculous automagic",
            "homepage": "https://github.com/FriendsOfCake/cakephp-upload",
            "keywords": [
                "Behavior",
                "cakephp",
                "files",
                "orm",
                "upload"
            ],
            "time": "2018-04-26T21:49:45+00:00"
        },
        {
            "name": "league/flysystem",
            "version": "2.1.1",
            "source": {
                "type": "git",
                "url": "https://github.com/thephpleague/flysystem.git",
                "reference": "a3c694de9f7e844b76f9d1b61296ebf6e8d89d74"
            },
            "dist": {
                "type": "zip",
                "url": "https://api.github.com/repos/thephpleague/flysystem/zipball/a3c694de9f7e844b76f9d1b61296ebf6e8d89d74",
                "reference": "a3c694de9f7e844b76f9d1b61296ebf6e8d89d74",
                "shasum": ""
            },
            "require": {
                "ext-json": "*",
                "league/mime-type-detection": "^1.0.0",
                "php": "^7.2 || ^8.0"
            },
            "conflict": {
                "guzzlehttp/ringphp": "<1.1.1"
            },
            "require-dev": {
                "async-aws/s3": "^1.5",
                "async-aws/simple-s3": "^1.0",
                "aws/aws-sdk-php": "^3.132.4",
                "composer/semver": "^3.0",
                "ext-fileinfo": "*",
                "friendsofphp/php-cs-fixer": "^2.16",
                "google/cloud-storage": "^1.23",
                "phpseclib/phpseclib": "^2.0",
                "phpstan/phpstan": "^0.12.26",
                "phpunit/phpunit": "^8.5 || ^9.4",
                "sabre/dav": "^4.1"
            },
            "type": "library",
            "autoload": {
                "psr-4": {
                    "League\\Flysystem\\": "src"
                }
            },
            "notification-url": "https://packagist.org/downloads/",
            "license": [
                "MIT"
            ],
            "authors": [
                {
                    "name": "Frank de Jonge",
                    "email": "info@frankdejonge.nl"
                }
            ],
            "description": "File storage abstraction for PHP",
            "keywords": [
                "WebDAV",
                "aws",
                "cloud",
                "file",
                "files",
                "filesystem",
                "filesystems",
                "ftp",
                "s3",
                "sftp",
                "storage"
            ],
            "support": {
                "issues": "https://github.com/thephpleague/flysystem/issues",
                "source": "https://github.com/thephpleague/flysystem/tree/2.1.1"
            },
            "funding": [
                {
                    "url": "https://offset.earth/frankdejonge",
                    "type": "custom"
                },
                {
                    "url": "https://github.com/frankdejonge",
                    "type": "github"
                },
                {
                    "url": "https://tidelift.com/funding/github/packagist/league/flysystem",
                    "type": "tidelift"
                }
            ],
            "time": "2021-06-23T22:07:10+00:00"
        },
        {
            "name": "league/mime-type-detection",
            "version": "1.7.0",
            "source": {
                "type": "git",
                "url": "https://github.com/thephpleague/mime-type-detection.git",
                "reference": "3b9dff8aaf7323590c1d2e443db701eb1f9aa0d3"
            },
            "dist": {
                "type": "zip",
                "url": "https://api.github.com/repos/thephpleague/mime-type-detection/zipball/3b9dff8aaf7323590c1d2e443db701eb1f9aa0d3",
                "reference": "3b9dff8aaf7323590c1d2e443db701eb1f9aa0d3",
                "shasum": ""
            },
            "require": {
                "ext-fileinfo": "*",
                "php": "^7.2 || ^8.0"
            },
            "require-dev": {
                "friendsofphp/php-cs-fixer": "^2.18",
                "phpstan/phpstan": "^0.12.68",
                "phpunit/phpunit": "^8.5.8 || ^9.3"
            },
            "type": "library",
            "autoload": {
                "psr-4": {
                    "League\\MimeTypeDetection\\": "src"
                }
            },
            "notification-url": "https://packagist.org/downloads/",
            "license": [
                "MIT"
            ],
            "authors": [
                {
                    "name": "Frank de Jonge",
                    "email": "info@frankdejonge.nl"
                }
            ],
            "description": "Mime-type detection for Flysystem",
            "support": {
                "issues": "https://github.com/thephpleague/mime-type-detection/issues",
                "source": "https://github.com/thephpleague/mime-type-detection/tree/1.7.0"
            },
            "funding": [
                {
                    "url": "https://github.com/frankdejonge",
                    "type": "github"
                },
                {
                    "url": "https://tidelift.com/funding/github/packagist/league/flysystem",
                    "type": "tidelift"
                }
            ],
            "time": "2021-01-18T20:58:21+00:00"
        },
        {
            "name": "psr/http-message",
            "version": "1.0.1",
            "source": {
                "type": "git",
                "url": "https://github.com/php-fig/http-message.git",
                "reference": "f6561bf28d520154e4b0ec72be95418abe6d9363"
            },
            "dist": {
                "type": "zip",
                "url": "https://api.github.com/repos/php-fig/http-message/zipball/f6561bf28d520154e4b0ec72be95418abe6d9363",
                "reference": "f6561bf28d520154e4b0ec72be95418abe6d9363",
                "shasum": ""
            },
            "require": {
                "php": ">=5.3.0"
            },
            "type": "library",
            "extra": {
                "branch-alias": {
                    "dev-master": "1.0.x-dev"
                }
            },
            "autoload": {
                "psr-4": {
                    "Psr\\Http\\Message\\": "src/"
                }
            },
            "notification-url": "https://packagist.org/downloads/",
            "license": [
                "MIT"
            ],
            "authors": [
                {
                    "name": "PHP-FIG",
                    "homepage": "http://www.php-fig.org/"
                }
            ],
            "description": "Common interface for HTTP messages",
            "homepage": "https://github.com/php-fig/http-message",
            "keywords": [
                "http",
                "http-message",
                "psr",
                "psr-7",
                "request",
                "response"
            ],
            "time": "2016-08-06T14:39:51+00:00"
        },
        {
            "name": "psr/log",
            "version": "1.1.0",
            "source": {
                "type": "git",
                "url": "https://github.com/php-fig/log.git",
                "reference": "6c001f1daafa3a3ac1d8ff69ee4db8e799a654dd"
            },
            "dist": {
                "type": "zip",
                "url": "https://api.github.com/repos/php-fig/log/zipball/6c001f1daafa3a3ac1d8ff69ee4db8e799a654dd",
                "reference": "6c001f1daafa3a3ac1d8ff69ee4db8e799a654dd",
                "shasum": ""
            },
            "require": {
                "php": ">=5.3.0"
            },
            "type": "library",
            "extra": {
                "branch-alias": {
                    "dev-master": "1.0.x-dev"
                }
            },
            "autoload": {
                "psr-4": {
                    "Psr\\Log\\": "Psr/Log/"
                }
            },
            "notification-url": "https://packagist.org/downloads/",
            "license": [
                "MIT"
            ],
            "authors": [
                {
                    "name": "PHP-FIG",
                    "homepage": "http://www.php-fig.org/"
                }
            ],
            "description": "Common interface for logging libraries",
            "homepage": "https://github.com/php-fig/log",
            "keywords": [
                "log",
                "psr",
                "psr-3"
            ],
            "time": "2018-11-20T15:27:04+00:00"
        },
        {
            "name": "psr/simple-cache",
            "version": "1.0.1",
            "source": {
                "type": "git",
                "url": "https://github.com/php-fig/simple-cache.git",
                "reference": "408d5eafb83c57f6365a3ca330ff23aa4a5fa39b"
            },
            "dist": {
                "type": "zip",
                "url": "https://api.github.com/repos/php-fig/simple-cache/zipball/408d5eafb83c57f6365a3ca330ff23aa4a5fa39b",
                "reference": "408d5eafb83c57f6365a3ca330ff23aa4a5fa39b",
                "shasum": ""
            },
            "require": {
                "php": ">=5.3.0"
            },
            "type": "library",
            "extra": {
                "branch-alias": {
                    "dev-master": "1.0.x-dev"
                }
            },
            "autoload": {
                "psr-4": {
                    "Psr\\SimpleCache\\": "src/"
                }
            },
            "notification-url": "https://packagist.org/downloads/",
            "license": [
                "MIT"
            ],
            "authors": [
                {
                    "name": "PHP-FIG",
                    "homepage": "http://www.php-fig.org/"
                }
            ],
            "description": "Common interfaces for simple caching",
            "keywords": [
                "cache",
                "caching",
                "psr",
                "psr-16",
                "simple-cache"
            ],
            "time": "2017-10-23T01:57:42+00:00"
        }
    ],
    "packages-dev": [],
    "aliases": [],
    "minimum-stability": "stable",
    "stability-flags": [],
    "prefer-stable": false,
    "prefer-lowest": false,
    "platform": [],
    "platform-dev": [],
    "plugin-api-version": "2.1.0"
}
